// !$*UTF8*$!
{
	archiveVersion = 1;
	classes = {
	};
	objectVersion = 48;
	objects = {

/* Begin PBXBuildFile section */
		051E882C1FCDF17700F16F8F /* SearchItemViewController.swift in Sources */ = {isa = PBXBuildFile; fileRef = 051E882B1FCDF17700F16F8F /* SearchItemViewController.swift */; };
		9D12CADC1FBE3C59000D5441 /* CreateOutfitViewController.swift in Sources */ = {isa = PBXBuildFile; fileRef = 9D12CADB1FBE3C59000D5441 /* CreateOutfitViewController.swift */; };
		9D4D05DD1FD0E1DE0075FBC3 /* ViewOutfitViewController.swift in Sources */ = {isa = PBXBuildFile; fileRef = 9D4D05DC1FD0E1DE0075FBC3 /* ViewOutfitViewController.swift */; };
		9D4D05DF1FD0E2790075FBC3 /* ListItemsViewController.swift in Sources */ = {isa = PBXBuildFile; fileRef = 9D4D05DE1FD0E2790075FBC3 /* ListItemsViewController.swift */; };
		9D4D05E11FD0E29E0075FBC3 /* EditItemViewController.swift in Sources */ = {isa = PBXBuildFile; fileRef = 9D4D05E01FD0E29E0075FBC3 /* EditItemViewController.swift */; };
		9D4D05E51FD0E3060075FBC3 /* SavePhotoViewController.swift in Sources */ = {isa = PBXBuildFile; fileRef = 9D4D05E41FD0E3060075FBC3 /* SavePhotoViewController.swift */; };
		9D4D05E71FD0F1A40075FBC3 /* ShirtCollectionViewCell.swift in Sources */ = {isa = PBXBuildFile; fileRef = 9D4D05E61FD0F1A40075FBC3 /* ShirtCollectionViewCell.swift */; };
		9D4D05ED1FD0F6EE0075FBC3 /* Image.swift in Sources */ = {isa = PBXBuildFile; fileRef = 9D4D05EC1FD0F6EE0075FBC3 /* Image.swift */; };
		9D73D75B1FA66FC7006C8353 /* AppDelegate.swift in Sources */ = {isa = PBXBuildFile; fileRef = 9D73D75A1FA66FC7006C8353 /* AppDelegate.swift */; };
		9D73D75D1FA66FC7006C8353 /* ViewController.swift in Sources */ = {isa = PBXBuildFile; fileRef = 9D73D75C1FA66FC7006C8353 /* ViewController.swift */; };
		9D73D7601FA66FC7006C8353 /* Main.storyboard in Resources */ = {isa = PBXBuildFile; fileRef = 9D73D75E1FA66FC7006C8353 /* Main.storyboard */; };
		9D73D7631FA66FC7006C8353 /* iosFinalProjectCloset.xcdatamodeld in Sources */ = {isa = PBXBuildFile; fileRef = 9D73D7611FA66FC7006C8353 /* iosFinalProjectCloset.xcdatamodeld */; };
		9D73D7651FA66FC7006C8353 /* Assets.xcassets in Resources */ = {isa = PBXBuildFile; fileRef = 9D73D7641FA66FC7006C8353 /* Assets.xcassets */; };
		9D73D7681FA66FC7006C8353 /* LaunchScreen.storyboard in Resources */ = {isa = PBXBuildFile; fileRef = 9D73D7661FA66FC7006C8353 /* LaunchScreen.storyboard */; };
		9D73D7731FA66FC7006C8353 /* iosFinalProjectClosetTests.swift in Sources */ = {isa = PBXBuildFile; fileRef = 9D73D7721FA66FC7006C8353 /* iosFinalProjectClosetTests.swift */; };
		9D73D77E1FA66FC7006C8353 /* iosFinalProjectClosetUITests.swift in Sources */ = {isa = PBXBuildFile; fileRef = 9D73D77D1FA66FC7006C8353 /* iosFinalProjectClosetUITests.swift */; };
		9DB809271FD1A03300414219 /* PantsCollectionViewCell.swift in Sources */ = {isa = PBXBuildFile; fileRef = 9DB809261FD1A03300414219 /* PantsCollectionViewCell.swift */; };
		9DB809291FD1A07700414219 /* ShoesCollectionViewCell.swift in Sources */ = {isa = PBXBuildFile; fileRef = 9DB809281FD1A07700414219 /* ShoesCollectionViewCell.swift */; };
		9DF79A861FA8FC6D00DEA7DB /* Item+CoreDataClass.swift in Sources */ = {isa = PBXBuildFile; fileRef = 9DF79A841FA8FC6D00DEA7DB /* Item+CoreDataClass.swift */; };
		9DF79A871FA8FC6D00DEA7DB /* Item+CoreDataProperties.swift in Sources */ = {isa = PBXBuildFile; fileRef = 9DF79A851FA8FC6D00DEA7DB /* Item+CoreDataProperties.swift */; };
		9DF79A8A1FA8FD1400DEA7DB /* Outfit+CoreDataClass.swift in Sources */ = {isa = PBXBuildFile; fileRef = 9DF79A881FA8FD1400DEA7DB /* Outfit+CoreDataClass.swift */; };
		9DF79A8B1FA8FD1400DEA7DB /* Outfit+CoreDataProperties.swift in Sources */ = {isa = PBXBuildFile; fileRef = 9DF79A891FA8FD1400DEA7DB /* Outfit+CoreDataProperties.swift */; };
/* End PBXBuildFile section */

/* Begin PBXContainerItemProxy section */
		9D73D76F1FA66FC7006C8353 /* PBXContainerItemProxy */ = {
			isa = PBXContainerItemProxy;
			containerPortal = 9D73D74F1FA66FC7006C8353 /* Project object */;
			proxyType = 1;
			remoteGlobalIDString = 9D73D7561FA66FC7006C8353;
			remoteInfo = iosFinalProjectCloset;
		};
		9D73D77A1FA66FC7006C8353 /* PBXContainerItemProxy */ = {
			isa = PBXContainerItemProxy;
			containerPortal = 9D73D74F1FA66FC7006C8353 /* Project object */;
			proxyType = 1;
			remoteGlobalIDString = 9D73D7561FA66FC7006C8353;
			remoteInfo = iosFinalProjectCloset;
		};
/* End PBXContainerItemProxy section */

/* Begin PBXFileReference section */
		051E882B1FCDF17700F16F8F /* SearchItemViewController.swift */ = {isa = PBXFileReference; lastKnownFileType = sourcecode.swift; path = SearchItemViewController.swift; sourceTree = "<group>"; };
		9D12CADB1FBE3C59000D5441 /* CreateOutfitViewController.swift */ = {isa = PBXFileReference; lastKnownFileType = sourcecode.swift; name = CreateOutfitViewController.swift; path = ../CreateOutfitViewController.swift; sourceTree = "<group>"; };
		9D4D05DC1FD0E1DE0075FBC3 /* ViewOutfitViewController.swift */ = {isa = PBXFileReference; lastKnownFileType = sourcecode.swift; path = ViewOutfitViewController.swift; sourceTree = "<group>"; };
		9D4D05DE1FD0E2790075FBC3 /* ListItemsViewController.swift */ = {isa = PBXFileReference; lastKnownFileType = sourcecode.swift; path = ListItemsViewController.swift; sourceTree = "<group>"; };
		9D4D05E01FD0E29E0075FBC3 /* EditItemViewController.swift */ = {isa = PBXFileReference; lastKnownFileType = sourcecode.swift; path = EditItemViewController.swift; sourceTree = "<group>"; };
		9D4D05E41FD0E3060075FBC3 /* SavePhotoViewController.swift */ = {isa = PBXFileReference; lastKnownFileType = sourcecode.swift; path = SavePhotoViewController.swift; sourceTree = "<group>"; };
		9D4D05E61FD0F1A40075FBC3 /* ShirtCollectionViewCell.swift */ = {isa = PBXFileReference; lastKnownFileType = sourcecode.swift; path = ShirtCollectionViewCell.swift; sourceTree = "<group>"; };
		9D4D05EC1FD0F6EE0075FBC3 /* Image.swift */ = {isa = PBXFileReference; lastKnownFileType = sourcecode.swift; path = Image.swift; sourceTree = "<group>"; };
		9D73D7571FA66FC7006C8353 /* iosFinalProjectCloset.app */ = {isa = PBXFileReference; explicitFileType = wrapper.application; includeInIndex = 0; path = iosFinalProjectCloset.app; sourceTree = BUILT_PRODUCTS_DIR; };
		9D73D75A1FA66FC7006C8353 /* AppDelegate.swift */ = {isa = PBXFileReference; lastKnownFileType = sourcecode.swift; path = AppDelegate.swift; sourceTree = "<group>"; };
		9D73D75C1FA66FC7006C8353 /* ViewController.swift */ = {isa = PBXFileReference; lastKnownFileType = sourcecode.swift; path = ViewController.swift; sourceTree = "<group>"; };
		9D73D75F1FA66FC7006C8353 /* Base */ = {isa = PBXFileReference; lastKnownFileType = file.storyboard; name = Base; path = Base.lproj/Main.storyboard; sourceTree = "<group>"; };
		9D73D7621FA66FC7006C8353 /* iosFinalProjectCloset.xcdatamodel */ = {isa = PBXFileReference; lastKnownFileType = wrapper.xcdatamodel; path = iosFinalProjectCloset.xcdatamodel; sourceTree = "<group>"; };
		9D73D7641FA66FC7006C8353 /* Assets.xcassets */ = {isa = PBXFileReference; lastKnownFileType = folder.assetcatalog; path = Assets.xcassets; sourceTree = "<group>"; };
		9D73D7671FA66FC7006C8353 /* Base */ = {isa = PBXFileReference; lastKnownFileType = file.storyboard; name = Base; path = Base.lproj/LaunchScreen.storyboard; sourceTree = "<group>"; };
		9D73D7691FA66FC7006C8353 /* Info.plist */ = {isa = PBXFileReference; lastKnownFileType = text.plist.xml; path = Info.plist; sourceTree = "<group>"; };
		9D73D76E1FA66FC7006C8353 /* iosFinalProjectClosetTests.xctest */ = {isa = PBXFileReference; explicitFileType = wrapper.cfbundle; includeInIndex = 0; path = iosFinalProjectClosetTests.xctest; sourceTree = BUILT_PRODUCTS_DIR; };
		9D73D7721FA66FC7006C8353 /* iosFinalProjectClosetTests.swift */ = {isa = PBXFileReference; lastKnownFileType = sourcecode.swift; path = iosFinalProjectClosetTests.swift; sourceTree = "<group>"; };
		9D73D7741FA66FC7006C8353 /* Info.plist */ = {isa = PBXFileReference; lastKnownFileType = text.plist.xml; path = Info.plist; sourceTree = "<group>"; };
		9D73D7791FA66FC7006C8353 /* iosFinalProjectClosetUITests.xctest */ = {isa = PBXFileReference; explicitFileType = wrapper.cfbundle; includeInIndex = 0; path = iosFinalProjectClosetUITests.xctest; sourceTree = BUILT_PRODUCTS_DIR; };
		9D73D77D1FA66FC7006C8353 /* iosFinalProjectClosetUITests.swift */ = {isa = PBXFileReference; lastKnownFileType = sourcecode.swift; path = iosFinalProjectClosetUITests.swift; sourceTree = "<group>"; };
		9D73D77F1FA66FC7006C8353 /* Info.plist */ = {isa = PBXFileReference; lastKnownFileType = text.plist.xml; path = Info.plist; sourceTree = "<group>"; };
		9DB809261FD1A03300414219 /* PantsCollectionViewCell.swift */ = {isa = PBXFileReference; lastKnownFileType = sourcecode.swift; path = PantsCollectionViewCell.swift; sourceTree = "<group>"; };
		9DB809281FD1A07700414219 /* ShoesCollectionViewCell.swift */ = {isa = PBXFileReference; lastKnownFileType = sourcecode.swift; path = ShoesCollectionViewCell.swift; sourceTree = "<group>"; };
		9DF79A841FA8FC6D00DEA7DB /* Item+CoreDataClass.swift */ = {isa = PBXFileReference; lastKnownFileType = sourcecode.swift; path = "Item+CoreDataClass.swift"; sourceTree = "<group>"; };
		9DF79A851FA8FC6D00DEA7DB /* Item+CoreDataProperties.swift */ = {isa = PBXFileReference; lastKnownFileType = sourcecode.swift; path = "Item+CoreDataProperties.swift"; sourceTree = "<group>"; };
		9DF79A881FA8FD1400DEA7DB /* Outfit+CoreDataClass.swift */ = {isa = PBXFileReference; lastKnownFileType = sourcecode.swift; path = "Outfit+CoreDataClass.swift"; sourceTree = "<group>"; };
		9DF79A891FA8FD1400DEA7DB /* Outfit+CoreDataProperties.swift */ = {isa = PBXFileReference; lastKnownFileType = sourcecode.swift; path = "Outfit+CoreDataProperties.swift"; sourceTree = "<group>"; };
/* End PBXFileReference section */

/* Begin PBXFrameworksBuildPhase section */
		9D73D7541FA66FC7006C8353 /* Frameworks */ = {
			isa = PBXFrameworksBuildPhase;
			buildActionMask = 2147483647;
			files = (
			);
			runOnlyForDeploymentPostprocessing = 0;
		};
		9D73D76B1FA66FC7006C8353 /* Frameworks */ = {
			isa = PBXFrameworksBuildPhase;
			buildActionMask = 2147483647;
			files = (
			);
			runOnlyForDeploymentPostprocessing = 0;
		};
		9D73D7761FA66FC7006C8353 /* Frameworks */ = {
			isa = PBXFrameworksBuildPhase;
			buildActionMask = 2147483647;
			files = (
			);
			runOnlyForDeploymentPostprocessing = 0;
		};
/* End PBXFrameworksBuildPhase section */

/* Begin PBXGroup section */
		9D73D74E1FA66FC7006C8353 = {
			isa = PBXGroup;
			children = (
				9D73D7591FA66FC7006C8353 /* iosFinalProjectCloset */,
				9D73D7711FA66FC7006C8353 /* iosFinalProjectClosetTests */,
				9D73D77C1FA66FC7006C8353 /* iosFinalProjectClosetUITests */,
				9D73D7581FA66FC7006C8353 /* Products */,
			);
			sourceTree = "<group>";
		};
		9D73D7581FA66FC7006C8353 /* Products */ = {
			isa = PBXGroup;
			children = (
				9D73D7571FA66FC7006C8353 /* iosFinalProjectCloset.app */,
				9D73D76E1FA66FC7006C8353 /* iosFinalProjectClosetTests.xctest */,
				9D73D7791FA66FC7006C8353 /* iosFinalProjectClosetUITests.xctest */,
			);
			name = Products;
			sourceTree = "<group>";
		};
		9D73D7591FA66FC7006C8353 /* iosFinalProjectCloset */ = {
			isa = PBXGroup;
			children = (
				9D4D05EC1FD0F6EE0075FBC3 /* Image.swift */,
				9DF79A881FA8FD1400DEA7DB /* Outfit+CoreDataClass.swift */,
				9DF79A891FA8FD1400DEA7DB /* Outfit+CoreDataProperties.swift */,
				9DF79A841FA8FC6D00DEA7DB /* Item+CoreDataClass.swift */,
				9DF79A851FA8FC6D00DEA7DB /* Item+CoreDataProperties.swift */,
				9D73D75A1FA66FC7006C8353 /* AppDelegate.swift */,
				9D73D75C1FA66FC7006C8353 /* ViewController.swift */,
				9D73D75E1FA66FC7006C8353 /* Main.storyboard */,
				9DB809281FD1A07700414219 /* ShoesCollectionViewCell.swift */,
				9DB809261FD1A03300414219 /* PantsCollectionViewCell.swift */,
				9D4D05E61FD0F1A40075FBC3 /* ShirtCollectionViewCell.swift */,
				9D4D05E41FD0E3060075FBC3 /* SavePhotoViewController.swift */,
				9D4D05E01FD0E29E0075FBC3 /* EditItemViewController.swift */,
				9D4D05DE1FD0E2790075FBC3 /* ListItemsViewController.swift */,
				9D4D05DC1FD0E1DE0075FBC3 /* ViewOutfitViewController.swift */,
				9D12CADB1FBE3C59000D5441 /* CreateOutfitViewController.swift */,
				051E882B1FCDF17700F16F8F /* SearchItemViewController.swift */,
				9D73D7641FA66FC7006C8353 /* Assets.xcassets */,
				9D73D7661FA66FC7006C8353 /* LaunchScreen.storyboard */,
				9D73D7691FA66FC7006C8353 /* Info.plist */,
				9D73D7611FA66FC7006C8353 /* iosFinalProjectCloset.xcdatamodeld */,
			);
			path = iosFinalProjectCloset;
			sourceTree = "<group>";
		};
		9D73D7711FA66FC7006C8353 /* iosFinalProjectClosetTests */ = {
			isa = PBXGroup;
			children = (
				9D73D7721FA66FC7006C8353 /* iosFinalProjectClosetTests.swift */,
				9D73D7741FA66FC7006C8353 /* Info.plist */,
			);
			path = iosFinalProjectClosetTests;
			sourceTree = "<group>";
		};
		9D73D77C1FA66FC7006C8353 /* iosFinalProjectClosetUITests */ = {
			isa = PBXGroup;
			children = (
				9D73D77D1FA66FC7006C8353 /* iosFinalProjectClosetUITests.swift */,
				9D73D77F1FA66FC7006C8353 /* Info.plist */,
			);
			path = iosFinalProjectClosetUITests;
			sourceTree = "<group>";
		};
/* End PBXGroup section */

/* Begin PBXNativeTarget section */
		9D73D7561FA66FC7006C8353 /* iosFinalProjectCloset */ = {
			isa = PBXNativeTarget;
			buildConfigurationList = 9D73D7821FA66FC7006C8353 /* Build configuration list for PBXNativeTarget "iosFinalProjectCloset" */;
			buildPhases = (
				9D73D7531FA66FC7006C8353 /* Sources */,
				9D73D7541FA66FC7006C8353 /* Frameworks */,
				9D73D7551FA66FC7006C8353 /* Resources */,
			);
			buildRules = (
			);
			dependencies = (
			);
			name = iosFinalProjectCloset;
			productName = iosFinalProjectCloset;
			productReference = 9D73D7571FA66FC7006C8353 /* iosFinalProjectCloset.app */;
			productType = "com.apple.product-type.application";
		};
		9D73D76D1FA66FC7006C8353 /* iosFinalProjectClosetTests */ = {
			isa = PBXNativeTarget;
			buildConfigurationList = 9D73D7851FA66FC7006C8353 /* Build configuration list for PBXNativeTarget "iosFinalProjectClosetTests" */;
			buildPhases = (
				9D73D76A1FA66FC7006C8353 /* Sources */,
				9D73D76B1FA66FC7006C8353 /* Frameworks */,
				9D73D76C1FA66FC7006C8353 /* Resources */,
			);
			buildRules = (
			);
			dependencies = (
				9D73D7701FA66FC7006C8353 /* PBXTargetDependency */,
			);
			name = iosFinalProjectClosetTests;
			productName = iosFinalProjectClosetTests;
			productReference = 9D73D76E1FA66FC7006C8353 /* iosFinalProjectClosetTests.xctest */;
			productType = "com.apple.product-type.bundle.unit-test";
		};
		9D73D7781FA66FC7006C8353 /* iosFinalProjectClosetUITests */ = {
			isa = PBXNativeTarget;
			buildConfigurationList = 9D73D7881FA66FC7006C8353 /* Build configuration list for PBXNativeTarget "iosFinalProjectClosetUITests" */;
			buildPhases = (
				9D73D7751FA66FC7006C8353 /* Sources */,
				9D73D7761FA66FC7006C8353 /* Frameworks */,
				9D73D7771FA66FC7006C8353 /* Resources */,
			);
			buildRules = (
			);
			dependencies = (
				9D73D77B1FA66FC7006C8353 /* PBXTargetDependency */,
			);
			name = iosFinalProjectClosetUITests;
			productName = iosFinalProjectClosetUITests;
			productReference = 9D73D7791FA66FC7006C8353 /* iosFinalProjectClosetUITests.xctest */;
			productType = "com.apple.product-type.bundle.ui-testing";
		};
/* End PBXNativeTarget section */

/* Begin PBXProject section */
		9D73D74F1FA66FC7006C8353 /* Project object */ = {
			isa = PBXProject;
			attributes = {
				LastSwiftUpdateCheck = 0900;
				LastUpgradeCheck = 0900;
				ORGANIZATIONNAME = "Mandy Rogers";
				TargetAttributes = {
					9D73D7561FA66FC7006C8353 = {
						CreatedOnToolsVersion = 9.0;
						ProvisioningStyle = Automatic;
					};
					9D73D76D1FA66FC7006C8353 = {
						CreatedOnToolsVersion = 9.0;
						ProvisioningStyle = Automatic;
						TestTargetID = 9D73D7561FA66FC7006C8353;
					};
					9D73D7781FA66FC7006C8353 = {
						CreatedOnToolsVersion = 9.0;
						ProvisioningStyle = Automatic;
						TestTargetID = 9D73D7561FA66FC7006C8353;
					};
				};
			};
			buildConfigurationList = 9D73D7521FA66FC7006C8353 /* Build configuration list for PBXProject "iosFinalProjectCloset" */;
			compatibilityVersion = "Xcode 8.0";
			developmentRegion = en;
			hasScannedForEncodings = 0;
			knownRegions = (
				en,
				Base,
			);
			mainGroup = 9D73D74E1FA66FC7006C8353;
			productRefGroup = 9D73D7581FA66FC7006C8353 /* Products */;
			projectDirPath = "";
			projectRoot = "";
			targets = (
				9D73D7561FA66FC7006C8353 /* iosFinalProjectCloset */,
				9D73D76D1FA66FC7006C8353 /* iosFinalProjectClosetTests */,
				9D73D7781FA66FC7006C8353 /* iosFinalProjectClosetUITests */,
			);
		};
/* End PBXProject section */

/* Begin PBXResourcesBuildPhase section */
		9D73D7551FA66FC7006C8353 /* Resources */ = {
			isa = PBXResourcesBuildPhase;
			buildActionMask = 2147483647;
			files = (
				9D73D7681FA66FC7006C8353 /* LaunchScreen.storyboard in Resources */,
				9D73D7651FA66FC7006C8353 /* Assets.xcassets in Resources */,
				9D73D7601FA66FC7006C8353 /* Main.storyboard in Resources */,
			);
			runOnlyForDeploymentPostprocessing = 0;
		};
		9D73D76C1FA66FC7006C8353 /* Resources */ = {
			isa = PBXResourcesBuildPhase;
			buildActionMask = 2147483647;
			files = (
			);
			runOnlyForDeploymentPostprocessing = 0;
		};
		9D73D7771FA66FC7006C8353 /* Resources */ = {
			isa = PBXResourcesBuildPhase;
			buildActionMask = 2147483647;
			files = (
			);
			runOnlyForDeploymentPostprocessing = 0;
		};
/* End PBXResourcesBuildPhase section */

/* Begin PBXSourcesBuildPhase section */
		9D73D7531FA66FC7006C8353 /* Sources */ = {
			isa = PBXSourcesBuildPhase;
			buildActionMask = 2147483647;
			files = (
				9D4D05DD1FD0E1DE0075FBC3 /* ViewOutfitViewController.swift in Sources */,
				9DF79A8B1FA8FD1400DEA7DB /* Outfit+CoreDataProperties.swift in Sources */,
				9D12CADC1FBE3C59000D5441 /* CreateOutfitViewController.swift in Sources */,
				051E882C1FCDF17700F16F8F /* SearchItemViewController.swift in Sources */,
				9DB809291FD1A07700414219 /* ShoesCollectionViewCell.swift in Sources */,
				9D4D05ED1FD0F6EE0075FBC3 /* Image.swift in Sources */,
				9DB809271FD1A03300414219 /* PantsCollectionViewCell.swift in Sources */,
				9D73D7631FA66FC7006C8353 /* iosFinalProjectCloset.xcdatamodeld in Sources */,
				9D73D75D1FA66FC7006C8353 /* ViewController.swift in Sources */,
				9D4D05E51FD0E3060075FBC3 /* SavePhotoViewController.swift in Sources */,
				9DF79A861FA8FC6D00DEA7DB /* Item+CoreDataClass.swift in Sources */,
				9D4D05E11FD0E29E0075FBC3 /* EditItemViewController.swift in Sources */,
				9D4D05E71FD0F1A40075FBC3 /* ShirtCollectionViewCell.swift in Sources */,
				9D73D75B1FA66FC7006C8353 /* AppDelegate.swift in Sources */,
				9DF79A8A1FA8FD1400DEA7DB /* Outfit+CoreDataClass.swift in Sources */,
				9D4D05DF1FD0E2790075FBC3 /* ListItemsViewController.swift in Sources */,
				9DF79A871FA8FC6D00DEA7DB /* Item+CoreDataProperties.swift in Sources */,
			);
			runOnlyForDeploymentPostprocessing = 0;
		};
		9D73D76A1FA66FC7006C8353 /* Sources */ = {
			isa = PBXSourcesBuildPhase;
			buildActionMask = 2147483647;
			files = (
				9D73D7731FA66FC7006C8353 /* iosFinalProjectClosetTests.swift in Sources */,
			);
			runOnlyForDeploymentPostprocessing = 0;
		};
		9D73D7751FA66FC7006C8353 /* Sources */ = {
			isa = PBXSourcesBuildPhase;
			buildActionMask = 2147483647;
			files = (
				9D73D77E1FA66FC7006C8353 /* iosFinalProjectClosetUITests.swift in Sources */,
			);
			runOnlyForDeploymentPostprocessing = 0;
		};
/* End PBXSourcesBuildPhase section */

/* Begin PBXTargetDependency section */
		9D73D7701FA66FC7006C8353 /* PBXTargetDependency */ = {
			isa = PBXTargetDependency;
			target = 9D73D7561FA66FC7006C8353 /* iosFinalProjectCloset */;
			targetProxy = 9D73D76F1FA66FC7006C8353 /* PBXContainerItemProxy */;
		};
		9D73D77B1FA66FC7006C8353 /* PBXTargetDependency */ = {
			isa = PBXTargetDependency;
			target = 9D73D7561FA66FC7006C8353 /* iosFinalProjectCloset */;
			targetProxy = 9D73D77A1FA66FC7006C8353 /* PBXContainerItemProxy */;
		};
/* End PBXTargetDependency section */

/* Begin PBXVariantGroup section */
		9D73D75E1FA66FC7006C8353 /* Main.storyboard */ = {
			isa = PBXVariantGroup;
			children = (
				9D73D75F1FA66FC7006C8353 /* Base */,
			);
			name = Main.storyboard;
			sourceTree = "<group>";
		};
		9D73D7661FA66FC7006C8353 /* LaunchScreen.storyboard */ = {
			isa = PBXVariantGroup;
			children = (
				9D73D7671FA66FC7006C8353 /* Base */,
			);
			name = LaunchScreen.storyboard;
			sourceTree = "<group>";
		};
/* End PBXVariantGroup section */

/* Begin XCBuildConfiguration section */
		9D73D7801FA66FC7006C8353 /* Debug */ = {
			isa = XCBuildConfiguration;
			buildSettings = {
				ALWAYS_SEARCH_USER_PATHS = NO;
				CLANG_ANALYZER_NONNULL = YES;
				CLANG_ANALYZER_NUMBER_OBJECT_CONVERSION = YES_AGGRESSIVE;
				CLANG_CXX_LANGUAGE_STANDARD = "gnu++14";
				CLANG_CXX_LIBRARY = "libc++";
				CLANG_ENABLE_MODULES = YES;
				CLANG_ENABLE_OBJC_ARC = YES;
				CLANG_WARN_BLOCK_CAPTURE_AUTORELEASING = YES;
				CLANG_WARN_BOOL_CONVERSION = YES;
				CLANG_WARN_COMMA = YES;
				CLANG_WARN_CONSTANT_CONVERSION = YES;
				CLANG_WARN_DIRECT_OBJC_ISA_USAGE = YES_ERROR;
				CLANG_WARN_DOCUMENTATION_COMMENTS = YES;
				CLANG_WARN_EMPTY_BODY = YES;
				CLANG_WARN_ENUM_CONVERSION = YES;
				CLANG_WARN_INFINITE_RECURSION = YES;
				CLANG_WARN_INT_CONVERSION = YES;
				CLANG_WARN_NON_LITERAL_NULL_CONVERSION = YES;
				CLANG_WARN_OBJC_LITERAL_CONVERSION = YES;
				CLANG_WARN_OBJC_ROOT_CLASS = YES_ERROR;
				CLANG_WARN_RANGE_LOOP_ANALYSIS = YES;
				CLANG_WARN_STRICT_PROTOTYPES = YES;
				CLANG_WARN_SUSPICIOUS_MOVE = YES;
				CLANG_WARN_UNGUARDED_AVAILABILITY = YES_AGGRESSIVE;
				CLANG_WARN_UNREACHABLE_CODE = YES;
				CLANG_WARN__DUPLICATE_METHOD_MATCH = YES;
				CODE_SIGN_IDENTITY = "iPhone Developer";
				COPY_PHASE_STRIP = NO;
				DEBUG_INFORMATION_FORMAT = dwarf;
				ENABLE_STRICT_OBJC_MSGSEND = YES;
				ENABLE_TESTABILITY = YES;
				GCC_C_LANGUAGE_STANDARD = gnu11;
				GCC_DYNAMIC_NO_PIC = NO;
				GCC_NO_COMMON_BLOCKS = YES;
				GCC_OPTIMIZATION_LEVEL = 0;
				GCC_PREPROCESSOR_DEFINITIONS = (
					"DEBUG=1",
					"$(inherited)",
				);
				GCC_WARN_64_TO_32_BIT_CONVERSION = YES;
				GCC_WARN_ABOUT_RETURN_TYPE = YES_ERROR;
				GCC_WARN_UNDECLARED_SELECTOR = YES;
				GCC_WARN_UNINITIALIZED_AUTOS = YES_AGGRESSIVE;
				GCC_WARN_UNUSED_FUNCTION = YES;
				GCC_WARN_UNUSED_VARIABLE = YES;
				IPHONEOS_DEPLOYMENT_TARGET = 11.0;
				MTL_ENABLE_DEBUG_INFO = YES;
				ONLY_ACTIVE_ARCH = YES;
				SDKROOT = iphoneos;
				SWIFT_ACTIVE_COMPILATION_CONDITIONS = DEBUG;
				SWIFT_OPTIMIZATION_LEVEL = "-Onone";
			};
			name = Debug;
		};
		9D73D7811FA66FC7006C8353 /* Release */ = {
			isa = XCBuildConfiguration;
			buildSettings = {
				ALWAYS_SEARCH_USER_PATHS = NO;
				CLANG_ANALYZER_NONNULL = YES;
				CLANG_ANALYZER_NUMBER_OBJECT_CONVERSION = YES_AGGRESSIVE;
				CLANG_CXX_LANGUAGE_STANDARD = "gnu++14";
				CLANG_CXX_LIBRARY = "libc++";
				CLANG_ENABLE_MODULES = YES;
				CLANG_ENABLE_OBJC_ARC = YES;
				CLANG_WARN_BLOCK_CAPTURE_AUTORELEASING = YES;
				CLANG_WARN_BOOL_CONVERSION = YES;
				CLANG_WARN_COMMA = YES;
				CLANG_WARN_CONSTANT_CONVERSION = YES;
				CLANG_WARN_DIRECT_OBJC_ISA_USAGE = YES_ERROR;
				CLANG_WARN_DOCUMENTATION_COMMENTS = YES;
				CLANG_WARN_EMPTY_BODY = YES;
				CLANG_WARN_ENUM_CONVERSION = YES;
				CLANG_WARN_INFINITE_RECURSION = YES;
				CLANG_WARN_INT_CONVERSION = YES;
				CLANG_WARN_NON_LITERAL_NULL_CONVERSION = YES;
				CLANG_WARN_OBJC_LITERAL_CONVERSION = YES;
				CLANG_WARN_OBJC_ROOT_CLASS = YES_ERROR;
				CLANG_WARN_RANGE_LOOP_ANALYSIS = YES;
				CLANG_WARN_STRICT_PROTOTYPES = YES;
				CLANG_WARN_SUSPICIOUS_MOVE = YES;
				CLANG_WARN_UNGUARDED_AVAILABILITY = YES_AGGRESSIVE;
				CLANG_WARN_UNREACHABLE_CODE = YES;
				CLANG_WARN__DUPLICATE_METHOD_MATCH = YES;
				CODE_SIGN_IDENTITY = "iPhone Developer";
				COPY_PHASE_STRIP = NO;
				DEBUG_INFORMATION_FORMAT = "dwarf-with-dsym";
				ENABLE_NS_ASSERTIONS = NO;
				ENABLE_STRICT_OBJC_MSGSEND = YES;
				GCC_C_LANGUAGE_STANDARD = gnu11;
				GCC_NO_COMMON_BLOCKS = YES;
				GCC_WARN_64_TO_32_BIT_CONVERSION = YES;
				GCC_WARN_ABOUT_RETURN_TYPE = YES_ERROR;
				GCC_WARN_UNDECLARED_SELECTOR = YES;
				GCC_WARN_UNINITIALIZED_AUTOS = YES_AGGRESSIVE;
				GCC_WARN_UNUSED_FUNCTION = YES;
				GCC_WARN_UNUSED_VARIABLE = YES;
				IPHONEOS_DEPLOYMENT_TARGET = 11.0;
				MTL_ENABLE_DEBUG_INFO = NO;
				SDKROOT = iphoneos;
				SWIFT_OPTIMIZATION_LEVEL = "-Owholemodule";
				VALIDATE_PRODUCT = YES;
			};
			name = Release;
		};
		9D73D7831FA66FC7006C8353 /* Debug */ = {
			isa = XCBuildConfiguration;
			buildSettings = {
				ASSETCATALOG_COMPILER_APPICON_NAME = AppIcon;
				CODE_SIGN_STYLE = Automatic;
				DEVELOPMENT_TEAM = CC6T32T8JP;
				INFOPLIST_FILE = iosFinalProjectCloset/Info.plist;
				LD_RUNPATH_SEARCH_PATHS = "$(inherited) @executable_path/Frameworks";
				PRODUCT_BUNDLE_IDENTIFIER = com.MandyRogers.iosFinalProjectCloset;
				PRODUCT_NAME = "$(TARGET_NAME)";
				SWIFT_VERSION = 4.0;
				TARGETED_DEVICE_FAMILY = "1,2";
			};
			name = Debug;
		};
		9D73D7841FA66FC7006C8353 /* Release */ = {
			isa = XCBuildConfiguration;
			buildSettings = {
				ASSETCATALOG_COMPILER_APPICON_NAME = AppIcon;
				CODE_SIGN_STYLE = Automatic;
				DEVELOPMENT_TEAM = CC6T32T8JP;
				INFOPLIST_FILE = iosFinalProjectCloset/Info.plist;
				LD_RUNPATH_SEARCH_PATHS = "$(inherited) @executable_path/Frameworks";
				PRODUCT_BUNDLE_IDENTIFIER = com.MandyRogers.iosFinalProjectCloset;
				PRODUCT_NAME = "$(TARGET_NAME)";
				SWIFT_VERSION = 4.0;
				TARGETED_DEVICE_FAMILY = "1,2";
			};
			name = Release;
		};
		9D73D7861FA66FC7006C8353 /* Debug */ = {
			isa = XCBuildConfiguration;
			buildSettings = {
				ALWAYS_EMBED_SWIFT_STANDARD_LIBRARIES = YES;
				BUNDLE_LOADER = "$(TEST_HOST)";
				CODE_SIGN_STYLE = Automatic;
				DEVELOPMENT_TEAM = CC6T32T8JP;
				INFOPLIST_FILE = iosFinalProjectClosetTests/Info.plist;
				LD_RUNPATH_SEARCH_PATHS = "$(inherited) @executable_path/Frameworks @loader_path/Frameworks";
				PRODUCT_BUNDLE_IDENTIFIER = com.MandyRogers.iosFinalProjectClosetTests;
				PRODUCT_NAME = "$(TARGET_NAME)";
				SWIFT_VERSION = 4.0;
				TARGETED_DEVICE_FAMILY = "1,2";
				TEST_HOST = "$(BUILT_PRODUCTS_DIR)/iosFinalProjectCloset.app/iosFinalProjectCloset";
			};
			name = Debug;
		};
		9D73D7871FA66FC7006C8353 /* Release */ = {
			isa = XCBuildConfiguration;
			buildSettings = {
				ALWAYS_EMBED_SWIFT_STANDARD_LIBRARIES = YES;
				BUNDLE_LOADER = "$(TEST_HOST)";
				CODE_SIGN_STYLE = Automatic;
				DEVELOPMENT_TEAM = CC6T32T8JP;
				INFOPLIST_FILE = iosFinalProjectClosetTests/Info.plist;
				LD_RUNPATH_SEARCH_PATHS = "$(inherited) @executable_path/Frameworks @loader_path/Frameworks";
				PRODUCT_BUNDLE_IDENTIFIER = com.MandyRogers.iosFinalProjectClosetTests;
				PRODUCT_NAME = "$(TARGET_NAME)";
				SWIFT_VERSION = 4.0;
				TARGETED_DEVICE_FAMILY = "1,2";
				TEST_HOST = "$(BUILT_PRODUCTS_DIR)/iosFinalProjectCloset.app/iosFinalProjectCloset";
			};
			name = Release;
		};
		9D73D7891FA66FC7006C8353 /* Debug */ = {
			isa = XCBuildConfiguration;
			buildSettings = {
				ALWAYS_EMBED_SWIFT_STANDARD_LIBRARIES = YES;
				CODE_SIGN_STYLE = Automatic;
				DEVELOPMENT_TEAM = CC6T32T8JP;
				INFOPLIST_FILE = iosFinalProjectClosetUITests/Info.plist;
				LD_RUNPATH_SEARCH_PATHS = "$(inherited) @executable_path/Frameworks @loader_path/Frameworks";
				PRODUCT_BUNDLE_IDENTIFIER = com.MandyRogers.iosFinalProjectClosetUITests;
				PRODUCT_NAME = "$(TARGET_NAME)";
				SWIFT_VERSION = 4.0;
				TARGETED_DEVICE_FAMILY = "1,2";
				TEST_TARGET_NAME = iosFinalProjectCloset;
			};
			name = Debug;
		};
		9D73D78A1FA66FC7006C8353 /* Release */ = {
			isa = XCBuildConfiguration;
			buildSettings = {
				ALWAYS_EMBED_SWIFT_STANDARD_LIBRARIES = YES;
				CODE_SIGN_STYLE = Automatic;
				DEVELOPMENT_TEAM = CC6T32T8JP;
				INFOPLIST_FILE = iosFinalProjectClosetUITests/Info.plist;
				LD_RUNPATH_SEARCH_PATHS = "$(inherited) @executable_path/Frameworks @loader_path/Frameworks";
				PRODUCT_BUNDLE_IDENTIFIER = com.MandyRogers.iosFinalProjectClosetUITests;
				PRODUCT_NAME = "$(TARGET_NAME)";
				SWIFT_VERSION = 4.0;
				TARGETED_DEVICE_FAMILY = "1,2";
				TEST_TARGET_NAME = iosFinalProjectCloset;
			};
			name = Release;
		};
/* End XCBuildConfiguration section */

/* Begin XCConfigurationList section */
		9D73D7521FA66FC7006C8353 /* Build configuration list for PBXProject "iosFinalProjectCloset" */ = {
			isa = XCConfigurationList;
			buildConfigurations = (
				9D73D7801FA66FC7006C8353 /* Debug */,
				9D73D7811FA66FC7006C8353 /* Release */,
			);
			defaultConfigurationIsVisible = 0;
			defaultConfigurationName = Release;
		};
		9D73D7821FA66FC7006C8353 /* Build configuration list for PBXNativeTarget "iosFinalProjectCloset" */ = {
			isa = XCConfigurationList;
			buildConfigurations = (
				9D73D7831FA66FC7006C8353 /* Debug */,
				9D73D7841FA66FC7006C8353 /* Release */,
			);
			defaultConfigurationIsVisible = 0;
			defaultConfigurationName = Release;
		};
		9D73D7851FA66FC7006C8353 /* Build configuration list for PBXNativeTarget "iosFinalProjectClosetTests" */ = {
			isa = XCConfigurationList;
			buildConfigurations = (
				9D73D7861FA66FC7006C8353 /* Debug */,
				9D73D7871FA66FC7006C8353 /* Release */,
			);
			defaultConfigurationIsVisible = 0;
			defaultConfigurationName = Release;
		};
		9D73D7881FA66FC7006C8353 /* Build configuration list for PBXNativeTarget "iosFinalProjectClosetUITests" */ = {
			isa = XCConfigurationList;
			buildConfigurations = (
				9D73D7891FA66FC7006C8353 /* Debug */,
				9D73D78A1FA66FC7006C8353 /* Release */,
			);
			defaultConfigurationIsVisible = 0;
			defaultConfigurationName = Release;
		};
/* End XCConfigurationList section */

/* Begin XCVersionGroup section */
		9D73D7611FA66FC7006C8353 /* iosFinalProjectCloset.xcdatamodeld */ = {
			isa = XCVersionGroup;
			children = (
				9D73D7621FA66FC7006C8353 /* iosFinalProjectCloset.xcdatamodel */,
			);
			currentVersion = 9D73D7621FA66FC7006C8353 /* iosFinalProjectCloset.xcdatamodel */;
			path = iosFinalProjectCloset.xcdatamodeld;
			sourceTree = "<group>";
			versionGroupType = wrapper.xcdatamodel;
		};
/* End XCVersionGroup section */
	};
	rootObject = 9D73D74F1FA66FC7006C8353 /* Project object */;
}
